// !$*UTF8*$!
{
	archiveVersion = 1;
	classes = {
	};
	objectVersion = 46;
	objects = {

/* Begin PBXBuildFile section */
		481968B81C08B5070058F708 /* GPUImage.framework in Frameworks */ = {isa = PBXBuildFile; fileRef = 481968B51C08B48B0058F708 /* GPUImage.framework */; };
		481968BA1C08B5490058F708 /* GPUImage.framework in CopyFiles */ = {isa = PBXBuildFile; fileRef = 481968B51C08B48B0058F708 /* GPUImage.framework */; settings = {ATTRIBUTES = (CodeSignOnCopy, RemoveHeadersOnCopy, ); }; };
		481968BE1C08B7EE0058F708 /* CustomShader.fsh in Resources */ = {isa = PBXBuildFile; fileRef = 481968BD1C08B7EE0058F708 /* CustomShader.fsh */; };
		481968C01C08BDEF0058F708 /* Protanopia.fsh in Resources */ = {isa = PBXBuildFile; fileRef = 481968BF1C08BDEF0058F708 /* Protanopia.fsh */; };
		481968C21C08C5850058F708 /* Deuteranopia.fsh in Resources */ = {isa = PBXBuildFile; fileRef = 481968C11C08C5850058F708 /* Deuteranopia.fsh */; };
		481968C41C08C5930058F708 /* Tritanopia.fsh in Resources */ = {isa = PBXBuildFile; fileRef = 481968C31C08C5930058F708 /* Tritanopia.fsh */; };
		481968C61C08C5AD0058F708 /* Mono.fsh in Resources */ = {isa = PBXBuildFile; fileRef = 481968C51C08C5AD0058F708 /* Mono.fsh */; };
		481968C81C08C9790058F708 /* Normal.fsh in Resources */ = {isa = PBXBuildFile; fileRef = 481968C71C08C9790058F708 /* Normal.fsh */; };
		4819691B1C09385A0058F708 /* MultiSelectSegmentedControl.m in Sources */ = {isa = PBXBuildFile; fileRef = 4819691A1C09385A0058F708 /* MultiSelectSegmentedControl.m */; };
		4890D3091C0B74DC0055E08D /* UIView+Genie.m in Sources */ = {isa = PBXBuildFile; fileRef = 4890D3081C0B74DC0055E08D /* UIView+Genie.m */; };
		4890D30B1C0B75040055E08D /* QuartzCore.framework in Frameworks */ = {isa = PBXBuildFile; fileRef = 4890D30A1C0B75040055E08D /* QuartzCore.framework */; };
		48DA8FB31C07C72500D5A4C7 /* AppDelegate.swift in Sources */ = {isa = PBXBuildFile; fileRef = 48DA8FB21C07C72500D5A4C7 /* AppDelegate.swift */; };
		48DA8FB51C07C72500D5A4C7 /* ViewController.swift in Sources */ = {isa = PBXBuildFile; fileRef = 48DA8FB41C07C72500D5A4C7 /* ViewController.swift */; };
		48DA8FB81C07C72500D5A4C7 /* Main.storyboard in Resources */ = {isa = PBXBuildFile; fileRef = 48DA8FB61C07C72500D5A4C7 /* Main.storyboard */; };
		48DA8FBA1C07C72500D5A4C7 /* Assets.xcassets in Resources */ = {isa = PBXBuildFile; fileRef = 48DA8FB91C07C72500D5A4C7 /* Assets.xcassets */; };
		48DA8FBD1C07C72500D5A4C7 /* LaunchScreen.storyboard in Resources */ = {isa = PBXBuildFile; fileRef = 48DA8FBB1C07C72500D5A4C7 /* LaunchScreen.storyboard */; };
		48DA8FC81C07C72500D5A4C7 /* Colorblind_GogglesTests.swift in Sources */ = {isa = PBXBuildFile; fileRef = 48DA8FC71C07C72500D5A4C7 /* Colorblind_GogglesTests.swift */; };
		48DA8FD31C07C72500D5A4C7 /* Colorblind_GogglesUITests.swift in Sources */ = {isa = PBXBuildFile; fileRef = 48DA8FD21C07C72500D5A4C7 /* Colorblind_GogglesUITests.swift */; };
		48DA8FE11C07C75600D5A4C7 /* ColorblindFilter.swift in Sources */ = {isa = PBXBuildFile; fileRef = 48DA8FE01C07C75600D5A4C7 /* ColorblindFilter.swift */; };
		48DA8FE31C07D3E400D5A4C7 /* test_image.jpg in Resources */ = {isa = PBXBuildFile; fileRef = 48DA8FE21C07D3E400D5A4C7 /* test_image.jpg */; };
		48DA8FE51C07D67100D5A4C7 /* UIImageExtension.swift in Sources */ = {isa = PBXBuildFile; fileRef = 48DA8FE41C07D67100D5A4C7 /* UIImageExtension.swift */; };
/* End PBXBuildFile section */

/* Begin PBXContainerItemProxy section */
		481968B21C08B48B0058F708 /* PBXContainerItemProxy */ = {
			isa = PBXContainerItemProxy;
			containerPortal = 481968AC1C08B48B0058F708 /* GPUImage.xcodeproj */;
			proxyType = 2;
			remoteGlobalIDString = BCF1A33414DDB1EC00852800;
			remoteInfo = GPUImage;
		};
		481968B41C08B48B0058F708 /* PBXContainerItemProxy */ = {
			isa = PBXContainerItemProxy;
			containerPortal = 481968AC1C08B48B0058F708 /* GPUImage.xcodeproj */;
			proxyType = 2;
			remoteGlobalIDString = BCE209E51943F20C002FEED8;
			remoteInfo = GPUImageFramework;
		};
		481968B61C08B4F50058F708 /* PBXContainerItemProxy */ = {
			isa = PBXContainerItemProxy;
			containerPortal = 481968AC1C08B48B0058F708 /* GPUImage.xcodeproj */;
			proxyType = 1;
			remoteGlobalIDString = BCE209E41943F20C002FEED8;
			remoteInfo = GPUImageFramework;
		};
		48DA8FC41C07C72500D5A4C7 /* PBXContainerItemProxy */ = {
			isa = PBXContainerItemProxy;
			containerPortal = 48DA8FA71C07C72400D5A4C7 /* Project object */;
			proxyType = 1;
			remoteGlobalIDString = 48DA8FAE1C07C72400D5A4C7;
			remoteInfo = "Colorblind Goggles";
		};
		48DA8FCF1C07C72500D5A4C7 /* PBXContainerItemProxy */ = {
			isa = PBXContainerItemProxy;
			containerPortal = 48DA8FA71C07C72400D5A4C7 /* Project object */;
			proxyType = 1;
			remoteGlobalIDString = 48DA8FAE1C07C72400D5A4C7;
			remoteInfo = "Colorblind Goggles";
		};
/* End PBXContainerItemProxy section */

/* Begin PBXCopyFilesBuildPhase section */
		481968B91C08B5280058F708 /* CopyFiles */ = {
			isa = PBXCopyFilesBuildPhase;
			buildActionMask = 2147483647;
			dstPath = "";
			dstSubfolderSpec = 10;
			files = (
				481968BA1C08B5490058F708 /* GPUImage.framework in CopyFiles */,
			);
			runOnlyForDeploymentPostprocessing = 0;
		};
/* End PBXCopyFilesBuildPhase section */

/* Begin PBXFileReference section */
		481968AC1C08B48B0058F708 /* GPUImage.xcodeproj */ = {isa = PBXFileReference; lastKnownFileType = "wrapper.pb-project"; name = GPUImage.xcodeproj; path = ../GPUImage/framework/GPUImage.xcodeproj; sourceTree = "<group>"; };
		481968BD1C08B7EE0058F708 /* CustomShader.fsh */ = {isa = PBXFileReference; fileEncoding = 4; lastKnownFileType = sourcecode.glsl; path = CustomShader.fsh; sourceTree = "<group>"; };
		481968BF1C08BDEF0058F708 /* Protanopia.fsh */ = {isa = PBXFileReference; fileEncoding = 4; lastKnownFileType = sourcecode.glsl; path = Protanopia.fsh; sourceTree = "<group>"; };
		481968C11C08C5850058F708 /* Deuteranopia.fsh */ = {isa = PBXFileReference; fileEncoding = 4; lastKnownFileType = sourcecode.glsl; path = Deuteranopia.fsh; sourceTree = "<group>"; };
		481968C31C08C5930058F708 /* Tritanopia.fsh */ = {isa = PBXFileReference; fileEncoding = 4; lastKnownFileType = sourcecode.glsl; path = Tritanopia.fsh; sourceTree = "<group>"; };
		481968C51C08C5AD0058F708 /* Mono.fsh */ = {isa = PBXFileReference; fileEncoding = 4; lastKnownFileType = sourcecode.glsl; path = Mono.fsh; sourceTree = "<group>"; };
		481968C71C08C9790058F708 /* Normal.fsh */ = {isa = PBXFileReference; fileEncoding = 4; lastKnownFileType = sourcecode.glsl; path = Normal.fsh; sourceTree = "<group>"; };
		481969191C09385A0058F708 /* Colorblind Goggles-Bridging-Header.h */ = {isa = PBXFileReference; lastKnownFileType = sourcecode.c.h; path = "Colorblind Goggles-Bridging-Header.h"; sourceTree = "<group>"; };
		4819691A1C09385A0058F708 /* MultiSelectSegmentedControl.m */ = {isa = PBXFileReference; fileEncoding = 4; lastKnownFileType = sourcecode.c.objc; path = MultiSelectSegmentedControl.m; sourceTree = "<group>"; };
		4819691C1C0938810058F708 /* MultiSelectSegmentedControl.h */ = {isa = PBXFileReference; lastKnownFileType = sourcecode.c.h; path = MultiSelectSegmentedControl.h; sourceTree = "<group>"; };
		4890D3051C0B74BD0055E08D /* UIView+Genie.h */ = {isa = PBXFileReference; fileEncoding = 4; lastKnownFileType = sourcecode.c.h; path = "UIView+Genie.h"; sourceTree = "<group>"; };
		4890D3081C0B74DC0055E08D /* UIView+Genie.m */ = {isa = PBXFileReference; fileEncoding = 4; lastKnownFileType = sourcecode.c.objc; path = "UIView+Genie.m"; sourceTree = "<group>"; };
		4890D30A1C0B75040055E08D /* QuartzCore.framework */ = {isa = PBXFileReference; lastKnownFileType = wrapper.framework; name = QuartzCore.framework; path = System/Library/Frameworks/QuartzCore.framework; sourceTree = SDKROOT; };
		48DA8FAF1C07C72400D5A4C7 /* Colorblind Goggles.app */ = {isa = PBXFileReference; explicitFileType = wrapper.application; includeInIndex = 0; path = "Colorblind Goggles.app"; sourceTree = BUILT_PRODUCTS_DIR; };
		48DA8FB21C07C72500D5A4C7 /* AppDelegate.swift */ = {isa = PBXFileReference; lastKnownFileType = sourcecode.swift; path = AppDelegate.swift; sourceTree = "<group>"; };
		48DA8FB41C07C72500D5A4C7 /* ViewController.swift */ = {isa = PBXFileReference; lastKnownFileType = sourcecode.swift; path = ViewController.swift; sourceTree = "<group>"; };
		48DA8FB71C07C72500D5A4C7 /* Base */ = {isa = PBXFileReference; lastKnownFileType = file.storyboard; name = Base; path = Base.lproj/Main.storyboard; sourceTree = "<group>"; };
		48DA8FB91C07C72500D5A4C7 /* Assets.xcassets */ = {isa = PBXFileReference; lastKnownFileType = folder.assetcatalog; path = Assets.xcassets; sourceTree = "<group>"; };
		48DA8FBC1C07C72500D5A4C7 /* Base */ = {isa = PBXFileReference; lastKnownFileType = file.storyboard; name = Base; path = Base.lproj/LaunchScreen.storyboard; sourceTree = "<group>"; };
		48DA8FBE1C07C72500D5A4C7 /* Info.plist */ = {isa = PBXFileReference; lastKnownFileType = text.plist.xml; path = Info.plist; sourceTree = "<group>"; };
		48DA8FC31C07C72500D5A4C7 /* Colorblind GogglesTests.xctest */ = {isa = PBXFileReference; explicitFileType = wrapper.cfbundle; includeInIndex = 0; path = "Colorblind GogglesTests.xctest"; sourceTree = BUILT_PRODUCTS_DIR; };
		48DA8FC71C07C72500D5A4C7 /* Colorblind_GogglesTests.swift */ = {isa = PBXFileReference; lastKnownFileType = sourcecode.swift; path = Colorblind_GogglesTests.swift; sourceTree = "<group>"; };
		48DA8FC91C07C72500D5A4C7 /* Info.plist */ = {isa = PBXFileReference; lastKnownFileType = text.plist.xml; path = Info.plist; sourceTree = "<group>"; };
		48DA8FCE1C07C72500D5A4C7 /* Colorblind GogglesUITests.xctest */ = {isa = PBXFileReference; explicitFileType = wrapper.cfbundle; includeInIndex = 0; path = "Colorblind GogglesUITests.xctest"; sourceTree = BUILT_PRODUCTS_DIR; };
		48DA8FD21C07C72500D5A4C7 /* Colorblind_GogglesUITests.swift */ = {isa = PBXFileReference; lastKnownFileType = sourcecode.swift; path = Colorblind_GogglesUITests.swift; sourceTree = "<group>"; };
		48DA8FD41C07C72500D5A4C7 /* Info.plist */ = {isa = PBXFileReference; lastKnownFileType = text.plist.xml; path = Info.plist; sourceTree = "<group>"; };
		48DA8FE01C07C75600D5A4C7 /* ColorblindFilter.swift */ = {isa = PBXFileReference; fileEncoding = 4; lastKnownFileType = sourcecode.swift; path = ColorblindFilter.swift; sourceTree = "<group>"; };
		48DA8FE21C07D3E400D5A4C7 /* test_image.jpg */ = {isa = PBXFileReference; lastKnownFileType = image.jpeg; path = test_image.jpg; sourceTree = "<group>"; };
		48DA8FE41C07D67100D5A4C7 /* UIImageExtension.swift */ = {isa = PBXFileReference; fileEncoding = 4; lastKnownFileType = sourcecode.swift; path = UIImageExtension.swift; sourceTree = "<group>"; };
/* End PBXFileReference section */

/* Begin PBXFrameworksBuildPhase section */
		48DA8FAC1C07C72400D5A4C7 /* Frameworks */ = {
			isa = PBXFrameworksBuildPhase;
			buildActionMask = 2147483647;
			files = (
				4890D30B1C0B75040055E08D /* QuartzCore.framework in Frameworks */,
				481968B81C08B5070058F708 /* GPUImage.framework in Frameworks */,
			);
			runOnlyForDeploymentPostprocessing = 0;
		};
		48DA8FC01C07C72500D5A4C7 /* Frameworks */ = {
			isa = PBXFrameworksBuildPhase;
			buildActionMask = 2147483647;
			files = (
			);
			runOnlyForDeploymentPostprocessing = 0;
		};
		48DA8FCB1C07C72500D5A4C7 /* Frameworks */ = {
			isa = PBXFrameworksBuildPhase;
			buildActionMask = 2147483647;
			files = (
			);
			runOnlyForDeploymentPostprocessing = 0;
		};
/* End PBXFrameworksBuildPhase section */

/* Begin PBXGroup section */
		481968AD1C08B48B0058F708 /* Products */ = {
			isa = PBXGroup;
			children = (
				481968B31C08B48B0058F708 /* libGPUImage.a */,
				481968B51C08B48B0058F708 /* GPUImage.framework */,
			);
			name = Products;
			sourceTree = "<group>";
		};
		48DA8FA61C07C72400D5A4C7 = {
			isa = PBXGroup;
			children = (
				4890D30A1C0B75040055E08D /* QuartzCore.framework */,
				481968AC1C08B48B0058F708 /* GPUImage.xcodeproj */,
				48DA8FB11C07C72500D5A4C7 /* Colorblind Goggles */,
				48DA8FC61C07C72500D5A4C7 /* Colorblind GogglesTests */,
				48DA8FD11C07C72500D5A4C7 /* Colorblind GogglesUITests */,
				48DA8FB01C07C72400D5A4C7 /* Products */,
			);
			sourceTree = "<group>";
		};
		48DA8FB01C07C72400D5A4C7 /* Products */ = {
			isa = PBXGroup;
			children = (
				48DA8FAF1C07C72400D5A4C7 /* Colorblind Goggles.app */,
				48DA8FC31C07C72500D5A4C7 /* Colorblind GogglesTests.xctest */,
				48DA8FCE1C07C72500D5A4C7 /* Colorblind GogglesUITests.xctest */,
			);
			name = Products;
			sourceTree = "<group>";
		};
		48DA8FB11C07C72500D5A4C7 /* Colorblind Goggles */ = {
			isa = PBXGroup;
			children = (
				48DA8FE21C07D3E400D5A4C7 /* test_image.jpg */,
				48DA8FB21C07C72500D5A4C7 /* AppDelegate.swift */,
				48DA8FB41C07C72500D5A4C7 /* ViewController.swift */,
				48DA8FB61C07C72500D5A4C7 /* Main.storyboard */,
				48DA8FB91C07C72500D5A4C7 /* Assets.xcassets */,
				48DA8FBB1C07C72500D5A4C7 /* LaunchScreen.storyboard */,
				48DA8FBE1C07C72500D5A4C7 /* Info.plist */,
				48DA8FE01C07C75600D5A4C7 /* ColorblindFilter.swift */,
				48DA8FE41C07D67100D5A4C7 /* UIImageExtension.swift */,
				481968BD1C08B7EE0058F708 /* CustomShader.fsh */,
				481968BF1C08BDEF0058F708 /* Protanopia.fsh */,
				481968C11C08C5850058F708 /* Deuteranopia.fsh */,
				481968C31C08C5930058F708 /* Tritanopia.fsh */,
				481968C51C08C5AD0058F708 /* Mono.fsh */,
				481968C71C08C9790058F708 /* Normal.fsh */,
				4819691C1C0938810058F708 /* MultiSelectSegmentedControl.h */,
				4819691A1C09385A0058F708 /* MultiSelectSegmentedControl.m */,
				481969191C09385A0058F708 /* Colorblind Goggles-Bridging-Header.h */,
				4890D3051C0B74BD0055E08D /* UIView+Genie.h */,
				4890D3081C0B74DC0055E08D /* UIView+Genie.m */,
			);
			path = "Colorblind Goggles";
			sourceTree = "<group>";
		};
		48DA8FC61C07C72500D5A4C7 /* Colorblind GogglesTests */ = {
			isa = PBXGroup;
			children = (
				48DA8FC71C07C72500D5A4C7 /* Colorblind_GogglesTests.swift */,
				48DA8FC91C07C72500D5A4C7 /* Info.plist */,
			);
			path = "Colorblind GogglesTests";
			sourceTree = "<group>";
		};
		48DA8FD11C07C72500D5A4C7 /* Colorblind GogglesUITests */ = {
			isa = PBXGroup;
			children = (
				48DA8FD21C07C72500D5A4C7 /* Colorblind_GogglesUITests.swift */,
				48DA8FD41C07C72500D5A4C7 /* Info.plist */,
			);
			path = "Colorblind GogglesUITests";
			sourceTree = "<group>";
		};
/* End PBXGroup section */

/* Begin PBXNativeTarget section */
		48DA8FAE1C07C72400D5A4C7 /* Colorblind Goggles */ = {
			isa = PBXNativeTarget;
			buildConfigurationList = 48DA8FD71C07C72500D5A4C7 /* Build configuration list for PBXNativeTarget "Colorblind Goggles" */;
			buildPhases = (
				48DA8FAB1C07C72400D5A4C7 /* Sources */,
				48DA8FAC1C07C72400D5A4C7 /* Frameworks */,
				48DA8FAD1C07C72400D5A4C7 /* Resources */,
				481968B91C08B5280058F708 /* CopyFiles */,
			);
			buildRules = (
			);
			dependencies = (
				481968B71C08B4F50058F708 /* PBXTargetDependency */,
			);
			name = "Colorblind Goggles";
			productName = "Colorblind Goggles";
			productReference = 48DA8FAF1C07C72400D5A4C7 /* Colorblind Goggles.app */;
			productType = "com.apple.product-type.application";
		};
		48DA8FC21C07C72500D5A4C7 /* Colorblind GogglesTests */ = {
			isa = PBXNativeTarget;
			buildConfigurationList = 48DA8FDA1C07C72500D5A4C7 /* Build configuration list for PBXNativeTarget "Colorblind GogglesTests" */;
			buildPhases = (
				48DA8FBF1C07C72500D5A4C7 /* Sources */,
				48DA8FC01C07C72500D5A4C7 /* Frameworks */,
				48DA8FC11C07C72500D5A4C7 /* Resources */,
			);
			buildRules = (
			);
			dependencies = (
				48DA8FC51C07C72500D5A4C7 /* PBXTargetDependency */,
			);
			name = "Colorblind GogglesTests";
			productName = "Colorblind GogglesTests";
			productReference = 48DA8FC31C07C72500D5A4C7 /* Colorblind GogglesTests.xctest */;
			productType = "com.apple.product-type.bundle.unit-test";
		};
		48DA8FCD1C07C72500D5A4C7 /* Colorblind GogglesUITests */ = {
			isa = PBXNativeTarget;
			buildConfigurationList = 48DA8FDD1C07C72500D5A4C7 /* Build configuration list for PBXNativeTarget "Colorblind GogglesUITests" */;
			buildPhases = (
				48DA8FCA1C07C72500D5A4C7 /* Sources */,
				48DA8FCB1C07C72500D5A4C7 /* Frameworks */,
				48DA8FCC1C07C72500D5A4C7 /* Resources */,
			);
			buildRules = (
			);
			dependencies = (
				48DA8FD01C07C72500D5A4C7 /* PBXTargetDependency */,
			);
			name = "Colorblind GogglesUITests";
			productName = "Colorblind GogglesUITests";
			productReference = 48DA8FCE1C07C72500D5A4C7 /* Colorblind GogglesUITests.xctest */;
			productType = "com.apple.product-type.bundle.ui-testing";
		};
/* End PBXNativeTarget section */

/* Begin PBXProject section */
		48DA8FA71C07C72400D5A4C7 /* Project object */ = {
			isa = PBXProject;
			attributes = {
				LastSwiftUpdateCheck = 0710;
				LastUpgradeCheck = 0710;
				ORGANIZATIONNAME = "Edmund Dipple";
				TargetAttributes = {
					48DA8FAE1C07C72400D5A4C7 = {
						CreatedOnToolsVersion = 7.1.1;
					};
					48DA8FC21C07C72500D5A4C7 = {
						CreatedOnToolsVersion = 7.1.1;
						TestTargetID = 48DA8FAE1C07C72400D5A4C7;
					};
					48DA8FCD1C07C72500D5A4C7 = {
						CreatedOnToolsVersion = 7.1.1;
						TestTargetID = 48DA8FAE1C07C72400D5A4C7;
					};
				};
			};
			buildConfigurationList = 48DA8FAA1C07C72400D5A4C7 /* Build configuration list for PBXProject "Colorblind Goggles" */;
			compatibilityVersion = "Xcode 3.2";
			developmentRegion = English;
			hasScannedForEncodings = 0;
			knownRegions = (
				en,
				Base,
			);
			mainGroup = 48DA8FA61C07C72400D5A4C7;
			productRefGroup = 48DA8FB01C07C72400D5A4C7 /* Products */;
			projectDirPath = "";
			projectReferences = (
				{
					ProductGroup = 481968AD1C08B48B0058F708 /* Products */;
					ProjectRef = 481968AC1C08B48B0058F708 /* GPUImage.xcodeproj */;
				},
			);
			projectRoot = "";
			targets = (
				48DA8FAE1C07C72400D5A4C7 /* Colorblind Goggles */,
				48DA8FC21C07C72500D5A4C7 /* Colorblind GogglesTests */,
				48DA8FCD1C07C72500D5A4C7 /* Colorblind GogglesUITests */,
			);
		};
/* End PBXProject section */

/* Begin PBXReferenceProxy section */
		481968B31C08B48B0058F708 /* libGPUImage.a */ = {
			isa = PBXReferenceProxy;
			fileType = archive.ar;
			path = libGPUImage.a;
			remoteRef = 481968B21C08B48B0058F708 /* PBXContainerItemProxy */;
			sourceTree = BUILT_PRODUCTS_DIR;
		};
		481968B51C08B48B0058F708 /* GPUImage.framework */ = {
			isa = PBXReferenceProxy;
			fileType = wrapper.framework;
			path = GPUImage.framework;
			remoteRef = 481968B41C08B48B0058F708 /* PBXContainerItemProxy */;
			sourceTree = BUILT_PRODUCTS_DIR;
		};
/* End PBXReferenceProxy section */

/* Begin PBXResourcesBuildPhase section */
		48DA8FAD1C07C72400D5A4C7 /* Resources */ = {
			isa = PBXResourcesBuildPhase;
			buildActionMask = 2147483647;
			files = (
				48DA8FBD1C07C72500D5A4C7 /* LaunchScreen.storyboard in Resources */,
				481968BE1C08B7EE0058F708 /* CustomShader.fsh in Resources */,
				48DA8FBA1C07C72500D5A4C7 /* Assets.xcassets in Resources */,
				481968C21C08C5850058F708 /* Deuteranopia.fsh in Resources */,
				48DA8FB81C07C72500D5A4C7 /* Main.storyboard in Resources */,
				481968C81C08C9790058F708 /* Normal.fsh in Resources */,
				481968C61C08C5AD0058F708 /* Mono.fsh in Resources */,
				481968C41C08C5930058F708 /* Tritanopia.fsh in Resources */,
				481968C01C08BDEF0058F708 /* Protanopia.fsh in Resources */,
				48DA8FE31C07D3E400D5A4C7 /* test_image.jpg in Resources */,
			);
			runOnlyForDeploymentPostprocessing = 0;
		};
		48DA8FC11C07C72500D5A4C7 /* Resources */ = {
			isa = PBXResourcesBuildPhase;
			buildActionMask = 2147483647;
			files = (
			);
			runOnlyForDeploymentPostprocessing = 0;
		};
		48DA8FCC1C07C72500D5A4C7 /* Resources */ = {
			isa = PBXResourcesBuildPhase;
			buildActionMask = 2147483647;
			files = (
			);
			runOnlyForDeploymentPostprocessing = 0;
		};
/* End PBXResourcesBuildPhase section */

/* Begin PBXSourcesBuildPhase section */
		48DA8FAB1C07C72400D5A4C7 /* Sources */ = {
			isa = PBXSourcesBuildPhase;
			buildActionMask = 2147483647;
			files = (
				4819691B1C09385A0058F708 /* MultiSelectSegmentedControl.m in Sources */,
				48DA8FB51C07C72500D5A4C7 /* ViewController.swift in Sources */,
				48DA8FE11C07C75600D5A4C7 /* ColorblindFilter.swift in Sources */,
				4890D3091C0B74DC0055E08D /* UIView+Genie.m in Sources */,
				48DA8FB31C07C72500D5A4C7 /* AppDelegate.swift in Sources */,
				48DA8FE51C07D67100D5A4C7 /* UIImageExtension.swift in Sources */,
			);
			runOnlyForDeploymentPostprocessing = 0;
		};
		48DA8FBF1C07C72500D5A4C7 /* Sources */ = {
			isa = PBXSourcesBuildPhase;
			buildActionMask = 2147483647;
			files = (
				48DA8FC81C07C72500D5A4C7 /* Colorblind_GogglesTests.swift in Sources */,
			);
			runOnlyForDeploymentPostprocessing = 0;
		};
		48DA8FCA1C07C72500D5A4C7 /* Sources */ = {
			isa = PBXSourcesBuildPhase;
			buildActionMask = 2147483647;
			files = (
				48DA8FD31C07C72500D5A4C7 /* Colorblind_GogglesUITests.swift in Sources */,
			);
			runOnlyForDeploymentPostprocessing = 0;
		};
/* End PBXSourcesBuildPhase section */

/* Begin PBXTargetDependency section */
		481968B71C08B4F50058F708 /* PBXTargetDependency */ = {
			isa = PBXTargetDependency;
			name = GPUImageFramework;
			targetProxy = 481968B61C08B4F50058F708 /* PBXContainerItemProxy */;
		};
		48DA8FC51C07C72500D5A4C7 /* PBXTargetDependency */ = {
			isa = PBXTargetDependency;
			target = 48DA8FAE1C07C72400D5A4C7 /* Colorblind Goggles */;
			targetProxy = 48DA8FC41C07C72500D5A4C7 /* PBXContainerItemProxy */;
		};
		48DA8FD01C07C72500D5A4C7 /* PBXTargetDependency */ = {
			isa = PBXTargetDependency;
			target = 48DA8FAE1C07C72400D5A4C7 /* Colorblind Goggles */;
			targetProxy = 48DA8FCF1C07C72500D5A4C7 /* PBXContainerItemProxy */;
		};
/* End PBXTargetDependency section */

/* Begin PBXVariantGroup section */
		48DA8FB61C07C72500D5A4C7 /* Main.storyboard */ = {
			isa = PBXVariantGroup;
			children = (
				48DA8FB71C07C72500D5A4C7 /* Base */,
			);
			name = Main.storyboard;
			sourceTree = "<group>";
		};
		48DA8FBB1C07C72500D5A4C7 /* LaunchScreen.storyboard */ = {
			isa = PBXVariantGroup;
			children = (
				48DA8FBC1C07C72500D5A4C7 /* Base */,
			);
			name = LaunchScreen.storyboard;
			sourceTree = "<group>";
		};
/* End PBXVariantGroup section */

/* Begin XCBuildConfiguration section */
		48DA8FD51C07C72500D5A4C7 /* Debug */ = {
			isa = XCBuildConfiguration;
			buildSettings = {
				ALWAYS_SEARCH_USER_PATHS = NO;
				CLANG_CXX_LANGUAGE_STANDARD = "gnu++0x";
				CLANG_CXX_LIBRARY = "libc++";
				CLANG_ENABLE_MODULES = YES;
				CLANG_ENABLE_OBJC_ARC = YES;
				CLANG_WARN_BOOL_CONVERSION = YES;
				CLANG_WARN_CONSTANT_CONVERSION = YES;
				CLANG_WARN_DIRECT_OBJC_ISA_USAGE = YES_ERROR;
				CLANG_WARN_EMPTY_BODY = YES;
				CLANG_WARN_ENUM_CONVERSION = YES;
				CLANG_WARN_INT_CONVERSION = YES;
				CLANG_WARN_OBJC_ROOT_CLASS = YES_ERROR;
				CLANG_WARN_UNREACHABLE_CODE = YES;
				CLANG_WARN__DUPLICATE_METHOD_MATCH = YES;
				"CODE_SIGN_IDENTITY[sdk=iphoneos*]" = "iPhone Developer";
				COPY_PHASE_STRIP = NO;
				DEBUG_INFORMATION_FORMAT = dwarf;
				ENABLE_STRICT_OBJC_MSGSEND = YES;
				ENABLE_TESTABILITY = YES;
				GCC_C_LANGUAGE_STANDARD = gnu99;
				GCC_DYNAMIC_NO_PIC = NO;
				GCC_NO_COMMON_BLOCKS = YES;
				GCC_OPTIMIZATION_LEVEL = 0;
				GCC_PREPROCESSOR_DEFINITIONS = (
					"DEBUG=1",
					"$(inherited)",
				);
				GCC_WARN_64_TO_32_BIT_CONVERSION = YES;
				GCC_WARN_ABOUT_RETURN_TYPE = YES_ERROR;
				GCC_WARN_UNDECLARED_SELECTOR = YES;
				GCC_WARN_UNINITIALIZED_AUTOS = YES_AGGRESSIVE;
				GCC_WARN_UNUSED_FUNCTION = YES;
				GCC_WARN_UNUSED_VARIABLE = YES;
				IPHONEOS_DEPLOYMENT_TARGET = 9.1;
				MTL_ENABLE_DEBUG_INFO = YES;
				ONLY_ACTIVE_ARCH = YES;
				SDKROOT = iphoneos;
				SWIFT_OPTIMIZATION_LEVEL = "-Onone";
				TARGETED_DEVICE_FAMILY = "1,2";
			};
			name = Debug;
		};
		48DA8FD61C07C72500D5A4C7 /* Release */ = {
			isa = XCBuildConfiguration;
			buildSettings = {
				ALWAYS_SEARCH_USER_PATHS = NO;
				CLANG_CXX_LANGUAGE_STANDARD = "gnu++0x";
				CLANG_CXX_LIBRARY = "libc++";
				CLANG_ENABLE_MODULES = YES;
				CLANG_ENABLE_OBJC_ARC = YES;
				CLANG_WARN_BOOL_CONVERSION = YES;
				CLANG_WARN_CONSTANT_CONVERSION = YES;
				CLANG_WARN_DIRECT_OBJC_ISA_USAGE = YES_ERROR;
				CLANG_WARN_EMPTY_BODY = YES;
				CLANG_WARN_ENUM_CONVERSION = YES;
				CLANG_WARN_INT_CONVERSION = YES;
				CLANG_WARN_OBJC_ROOT_CLASS = YES_ERROR;
				CLANG_WARN_UNREACHABLE_CODE = YES;
				CLANG_WARN__DUPLICATE_METHOD_MATCH = YES;
				"CODE_SIGN_IDENTITY[sdk=iphoneos*]" = "iPhone Developer";
				COPY_PHASE_STRIP = NO;
				DEBUG_INFORMATION_FORMAT = "dwarf-with-dsym";
				ENABLE_NS_ASSERTIONS = NO;
				ENABLE_STRICT_OBJC_MSGSEND = YES;
				GCC_C_LANGUAGE_STANDARD = gnu99;
				GCC_NO_COMMON_BLOCKS = YES;
				GCC_WARN_64_TO_32_BIT_CONVERSION = YES;
				GCC_WARN_ABOUT_RETURN_TYPE = YES_ERROR;
				GCC_WARN_UNDECLARED_SELECTOR = YES;
				GCC_WARN_UNINITIALIZED_AUTOS = YES_AGGRESSIVE;
				GCC_WARN_UNUSED_FUNCTION = YES;
				GCC_WARN_UNUSED_VARIABLE = YES;
				IPHONEOS_DEPLOYMENT_TARGET = 9.1;
				MTL_ENABLE_DEBUG_INFO = NO;
				SDKROOT = iphoneos;
				TARGETED_DEVICE_FAMILY = "1,2";
				VALIDATE_PRODUCT = YES;
			};
			name = Release;
		};
		48DA8FD81C07C72500D5A4C7 /* Debug */ = {
			isa = XCBuildConfiguration;
			buildSettings = {
				ASSETCATALOG_COMPILER_APPICON_NAME = AppIcon;
				CLANG_ENABLE_MODULES = YES;
				INFOPLIST_FILE = "Colorblind Goggles/Info.plist";
				LD_RUNPATH_SEARCH_PATHS = "$(inherited) @executable_path/Frameworks";
				PRODUCT_BUNDLE_IDENTIFIER = "io.elmund.Colorblind-Goggles";
				PRODUCT_NAME = "$(TARGET_NAME)";
				SWIFT_OBJC_BRIDGING_HEADER = "Colorblind Goggles/Colorblind Goggles-Bridging-Header.h";
				SWIFT_OPTIMIZATION_LEVEL = "-Onone";
			};
			name = Debug;
		};
		48DA8FD91C07C72500D5A4C7 /* Release */ = {
			isa = XCBuildConfiguration;
			buildSettings = {
				ASSETCATALOG_COMPILER_APPICON_NAME = AppIcon;
				CLANG_ENABLE_MODULES = YES;
				INFOPLIST_FILE = "Colorblind Goggles/Info.plist";
				LD_RUNPATH_SEARCH_PATHS = "$(inherited) @executable_path/Frameworks";
				PRODUCT_BUNDLE_IDENTIFIER = "io.elmund.Colorblind-Goggles";
				PRODUCT_NAME = "$(TARGET_NAME)";
				SWIFT_OBJC_BRIDGING_HEADER = "Colorblind Goggles/Colorblind Goggles-Bridging-Header.h";
			};
			name = Release;
		};
		48DA8FDB1C07C72500D5A4C7 /* Debug */ = {
			isa = XCBuildConfiguration;
			buildSettings = {
				BUNDLE_LOADER = "$(TEST_HOST)";
				INFOPLIST_FILE = "Colorblind GogglesTests/Info.plist";
				LD_RUNPATH_SEARCH_PATHS = "$(inherited) @executable_path/Frameworks @loader_path/Frameworks";
				PRODUCT_BUNDLE_IDENTIFIER = "io.elmund.Colorblind-GogglesTests";
				PRODUCT_NAME = "$(TARGET_NAME)";
				TEST_HOST = "$(BUILT_PRODUCTS_DIR)/Colorblind Goggles.app/Colorblind Goggles";
			};
			name = Debug;
		};
		48DA8FDC1C07C72500D5A4C7 /* Release */ = {
			isa = XCBuildConfiguration;
			buildSettings = {
				BUNDLE_LOADER = "$(TEST_HOST)";
				INFOPLIST_FILE = "Colorblind GogglesTests/Info.plist";
				LD_RUNPATH_SEARCH_PATHS = "$(inherited) @executable_path/Frameworks @loader_path/Frameworks";
				PRODUCT_BUNDLE_IDENTIFIER = "io.elmund.Colorblind-GogglesTests";
				PRODUCT_NAME = "$(TARGET_NAME)";
				TEST_HOST = "$(BUILT_PRODUCTS_DIR)/Colorblind Goggles.app/Colorblind Goggles";
			};
			name = Release;
		};
		48DA8FDE1C07C72500D5A4C7 /* Debug */ = {
			isa = XCBuildConfiguration;
			buildSettings = {
				INFOPLIST_FILE = "Colorblind GogglesUITests/Info.plist";
				LD_RUNPATH_SEARCH_PATHS = "$(inherited) @executable_path/Frameworks @loader_path/Frameworks";
				PRODUCT_BUNDLE_IDENTIFIER = "io.elmund.Colorblind-GogglesUITests";
				PRODUCT_NAME = "$(TARGET_NAME)";
				TEST_TARGET_NAME = "Colorblind Goggles";
				USES_XCTRUNNER = YES;
			};
			name = Debug;
		};
		48DA8FDF1C07C72500D5A4C7 /* Release */ = {
			isa = XCBuildConfiguration;
			buildSettings = {
				INFOPLIST_FILE = "Colorblind GogglesUITests/Info.plist";
				LD_RUNPATH_SEARCH_PATHS = "$(inherited) @executable_path/Frameworks @loader_path/Frameworks";
				PRODUCT_BUNDLE_IDENTIFIER = "io.elmund.Colorblind-GogglesUITests";
				PRODUCT_NAME = "$(TARGET_NAME)";
				TEST_TARGET_NAME = "Colorblind Goggles";
				USES_XCTRUNNER = YES;
			};
			name = Release;
		};
/* End XCBuildConfiguration section */

/* Begin XCConfigurationList section */
		48DA8FAA1C07C72400D5A4C7 /* Build configuration list for PBXProject "Colorblind Goggles" */ = {
			isa = XCConfigurationList;
			buildConfigurations = (
				48DA8FD51C07C72500D5A4C7 /* Debug */,
				48DA8FD61C07C72500D5A4C7 /* Release */,
			);
			defaultConfigurationIsVisible = 0;
			defaultConfigurationName = Release;
		};
		48DA8FD71C07C72500D5A4C7 /* Build configuration list for PBXNativeTarget "Colorblind Goggles" */ = {
			isa = XCConfigurationList;
			buildConfigurations = (
				48DA8FD81C07C72500D5A4C7 /* Debug */,
				48DA8FD91C07C72500D5A4C7 /* Release */,
			);
			defaultConfigurationIsVisible = 0;
			defaultConfigurationName = Release;
		};
		48DA8FDA1C07C72500D5A4C7 /* Build configuration list for PBXNativeTarget "Colorblind GogglesTests" */ = {
			isa = XCConfigurationList;
			buildConfigurations = (
				48DA8FDB1C07C72500D5A4C7 /* Debug */,
				48DA8FDC1C07C72500D5A4C7 /* Release */,
			);
			defaultConfigurationIsVisible = 0;
			defaultConfigurationName = Release;
		};
		48DA8FDD1C07C72500D5A4C7 /* Build configuration list for PBXNativeTarget "Colorblind GogglesUITests" */ = {
			isa = XCConfigurationList;
			buildConfigurations = (
				48DA8FDE1C07C72500D5A4C7 /* Debug */,
				48DA8FDF1C07C72500D5A4C7 /* Release */,
			);
			defaultConfigurationIsVisible = 0;
			defaultConfigurationName = Release;
		};
/* End XCConfigurationList section */
	};
	rootObject = 48DA8FA71C07C72400D5A4C7 /* Project object */;
}
